
Microsoft Visual Studio Solution File, Format Version 11.00
# Visual Studio 2010
Project("{FAE04EC0-301F-11D3-BF4B-00C04F79EFBC}") = "Whisper.API", "Whisper.API\Whisper.API.csproj", "{5B12BF3D-840F-4F26-AED2-00CA0A06B090}"
EndProject
Global
	GlobalSection(SolutionConfigurationPlatforms) = preSolution
		Debug|Any CPU = Debug|Any CPU
		Release|Any CPU = Release|Any CPU
	EndGlobalSection
	GlobalSection(ProjectConfigurationPlatforms) = postSolution
		{5B12BF3D-840F-4F26-AED2-00CA0A06B090}.Debug|Any CPU.ActiveCfg = Debug|Any CPU
		{5B12BF3D-840F-4F26-AED2-00CA0A06B090}.Debug|Any CPU.Build.0 = Debug|Any CPU
		{5B12BF3D-840F-4F26-AED2-00CA0A06B090}.Release|Any CPU.ActiveCfg = Release|Any CPU
		{5B12BF3D-840F-4F26-AED2-00CA0A06B090}.Release|Any CPU.Build.0 = Release|Any CPU
	EndGlobalSection
	GlobalSection(SolutionProperties) = preSolution
		HideSolutionNode = FALSE
	EndGlobalSection
EndGlobal
